{
  "name": "doc-parser",
  "version": "1.0.0",
  "lockfileVersion": 1,
  "requires": true,
  "dependencies": {
    "docxtemplater": {
      "version": "3.20.1",
      "resolved": "https://registry.npmjs.org/docxtemplater/-/docxtemplater-3.20.1.tgz",
      "integrity": "sha512-MdeeOwRP+pWl7wYdWMx+FvtZ0NAnok3bwzM+9EaR1LRnxfEGsr8GdWAoq9RTzsQD2EdoR25uPXWYZQrx5rsGgg==",
      "requires": {
        "xmldom": "^0.4.0"
      }
    },
    "pako": {
      "version": "1.0.11",
      "resolved": "https://registry.npmjs.org/pako/-/pako-1.0.11.tgz",
      "integrity": "sha512-4hLB8Py4zZce5s4yd9XzopqwVv/yGNhV1Bl8NTmCq1763HeK2+EwVTv+leGeL13Dnh2wfbqowVPXCIO0z4taYw=="
    },
    "pizzip": {
      "version": "3.0.6",
      "resolved": "https://registry.npmjs.org/pizzip/-/pizzip-3.0.6.tgz",
      "integrity": "sha512-CYmQJQ6ShNhScp2zrpGetRfamQ2CtUdsfcXaauqsQ0h/HVdQTTlHNUaNzMO0i+l8XTNctHJ6PrmFP+YZoF4iZw==",
      "requires": {
        "pako": "~1.0.2"
      }
    },
    "xmldom": {
      "version": "0.4.0",
      "resolved": "https://registry.npmjs.org/xmldom/-/xmldom-0.4.0.tgz",
      "integrity": "sha512-2E93k08T30Ugs+34HBSTQLVtpi6mCddaY8uO+pMNk1pqSjV5vElzn4mmh6KLxN3hki8rNcHSYzILoh3TEWORvA=="
    }
  }
}
